
Microsoft Visual Studio Solution File, Format Version 12.00
# Visual Studio Version 17
VisualStudioVersion = 17.0.31919.166
MinimumVisualStudioVersion = 10.0.40219.1
Project("{FAE04EC0-301F-11D3-BF4B-00C04F79EFBC}") = "ByteBank.Portal", "ByteBank.Portal\ByteBank.Portal.csproj", "{B572C433-70D4-4FED-863B-0291D6146EB5}"
EndProject
Global
	GlobalSection(SolutionConfigurationPlatforms) = preSolution
		Debug|Any CPU = Debug|Any CPU
		Release|Any CPU = Release|Any CPU
	EndGlobalSection
	GlobalSection(ProjectConfigurationPlatforms) = postSolution
		{B572C433-70D4-4FED-863B-0291D6146EB5}.Debug|Any CPU.ActiveCfg = Debug|Any CPU
		{B572C433-70D4-4FED-863B-0291D6146EB5}.Debug|Any CPU.Build.0 = Debug|Any CPU
		{B572C433-70D4-4FED-863B-0291D6146EB5}.Release|Any CPU.ActiveCfg = Release|Any CPU
		{B572C433-70D4-4FED-863B-0291D6146EB5}.Release|Any CPU.Build.0 = Release|Any CPU
	EndGlobalSection
	GlobalSection(SolutionProperties) = preSolution
		HideSolutionNode = FALSE
	EndGlobalSection
	GlobalSection(ExtensibilityGlobals) = postSolution
		SolutionGuid = {788CF8A8-10CF-41D4-8570-256258C2A8B2}
	EndGlobalSection
EndGlobal
